// !$*UTF8*$!
{
	archiveVersion = 1;
	classes = {
	};
	objectVersion = 56;
	objects = {

/* Begin PBXBuildFile section */
		6E9223DC2C95419A00EE6891 /* StreamChatSwiftUI in Frameworks */ = {isa = PBXBuildFile; productRef = 6E9223DB2C95419A00EE6891 /* StreamChatSwiftUI */; };
		6E9223DF2C9544B400EE6891 /* Constants.swift in Sources */ = {isa = PBXBuildFile; fileRef = 6E9223DE2C9544B400EE6891 /* Constants.swift */; };
		6E9223E32C95450500EE6891 /* ChatListView.swift in Sources */ = {isa = PBXBuildFile; fileRef = 6E9223E22C95450500EE6891 /* ChatListView.swift */; };
		6E9223E52C95451300EE6891 /* ChatView.swift in Sources */ = {isa = PBXBuildFile; fileRef = 6E9223E42C95451300EE6891 /* ChatView.swift */; };
		6E9223E72C954DFC00EE6891 /* CustomFactory.swift in Sources */ = {isa = PBXBuildFile; fileRef = 6E9223E62C954DFC00EE6891 /* CustomFactory.swift */; };
		6E9223EA2C9557ED00EE6891 /* SacrenaChannelHeader.swift in Sources */ = {isa = PBXBuildFile; fileRef = 6E9223E92C9557ED00EE6891 /* SacrenaChannelHeader.swift */; };
		6E9223ED2C955A7300EE6891 /* SacrenaChannelHeaderModifier.swift in Sources */ = {isa = PBXBuildFile; fileRef = 6E9223EC2C955A7300EE6891 /* SacrenaChannelHeaderModifier.swift */; };
		6E9223F12C955C1700EE6891 /* ChatListViewModel.swift in Sources */ = {isa = PBXBuildFile; fileRef = 6E9223F02C955C1700EE6891 /* ChatListViewModel.swift */; };
		6E9223F32C95702000EE6891 /* ChatViewModel.swift in Sources */ = {isa = PBXBuildFile; fileRef = 6E9223F22C95702000EE6891 /* ChatViewModel.swift */; };
		6E9223F62C9573E800EE6891 /* Routes.swift in Sources */ = {isa = PBXBuildFile; fileRef = 6E9223F52C9573E800EE6891 /* Routes.swift */; };
		6E9223F82C95740B00EE6891 /* NavigationModifier.swift in Sources */ = {isa = PBXBuildFile; fileRef = 6E9223F72C95740B00EE6891 /* NavigationModifier.swift */; };
		6E9223FA2C95748400EE6891 /* BackToView.swift in Sources */ = {isa = PBXBuildFile; fileRef = 6E9223F92C95748400EE6891 /* BackToView.swift */; };
		6E9223FC2C9574AE00EE6891 /* NavigationManager.swift in Sources */ = {isa = PBXBuildFile; fileRef = 6E9223FB2C9574AE00EE6891 /* NavigationManager.swift */; };
		6E9223FF2C9575CA00EE6891 /* View+Extension.swift in Sources */ = {isa = PBXBuildFile; fileRef = 6E9223FE2C9575CA00EE6891 /* View+Extension.swift */; };
		6E9224012C9577E600EE6891 /* BackgroundView.swift in Sources */ = {isa = PBXBuildFile; fileRef = 6E9224002C9577E600EE6891 /* BackgroundView.swift */; };
		6E9224032C957A2200EE6891 /* PermissionsManager.swift in Sources */ = {isa = PBXBuildFile; fileRef = 6E9224022C957A2200EE6891 /* PermissionsManager.swift */; };
		6E9224062C957B4800EE6891 /* ImagePickerView.swift in Sources */ = {isa = PBXBuildFile; fileRef = 6E9224052C957B4800EE6891 /* ImagePickerView.swift */; };
		6E9224092C9585EC00EE6891 /* messageTail.swift in Sources */ = {isa = PBXBuildFile; fileRef = 6E9224082C9585EC00EE6891 /* messageTail.swift */; };
		6E92240B2C95861700EE6891 /* MessageView.swift in Sources */ = {isa = PBXBuildFile; fileRef = 6E92240A2C95861700EE6891 /* MessageView.swift */; };
		6E92240D2C9587A300EE6891 /* TextStyleModifier.swift in Sources */ = {isa = PBXBuildFile; fileRef = 6E92240C2C9587A300EE6891 /* TextStyleModifier.swift */; };
		6E97305A2C9337E400C690C4 /* SacrenaApp.swift in Sources */ = {isa = PBXBuildFile; fileRef = 6E9730592C9337E400C690C4 /* SacrenaApp.swift */; };
		6E97305E2C9337E600C690C4 /* Assets.xcassets in Resources */ = {isa = PBXBuildFile; fileRef = 6E97305D2C9337E600C690C4 /* Assets.xcassets */; };
		6E9730612C9337E600C690C4 /* Preview Assets.xcassets in Resources */ = {isa = PBXBuildFile; fileRef = 6E9730602C9337E600C690C4 /* Preview Assets.xcassets */; };
		6E97306B2C9337E700C690C4 /* SacrenaTests.swift in Sources */ = {isa = PBXBuildFile; fileRef = 6E97306A2C9337E700C690C4 /* SacrenaTests.swift */; };
		6E9730752C9337E700C690C4 /* SacrenaUITests.swift in Sources */ = {isa = PBXBuildFile; fileRef = 6E9730742C9337E700C690C4 /* SacrenaUITests.swift */; };
		6E9730772C9337E700C690C4 /* SacrenaUITestsLaunchTests.swift in Sources */ = {isa = PBXBuildFile; fileRef = 6E9730762C9337E700C690C4 /* SacrenaUITestsLaunchTests.swift */; };
		6E9730872C933A6300C690C4 /* Colors.xcassets in Resources */ = {isa = PBXBuildFile; fileRef = 6E9730862C933A6300C690C4 /* Colors.xcassets */; };
/* End PBXBuildFile section */

/* Begin PBXContainerItemProxy section */
		6E9730672C9337E700C690C4 /* PBXContainerItemProxy */ = {
			isa = PBXContainerItemProxy;
			containerPortal = 6E97304E2C9337E400C690C4 /* Project object */;
			proxyType = 1;
			remoteGlobalIDString = 6E9730552C9337E400C690C4;
			remoteInfo = Sacrena;
		};
		6E9730712C9337E700C690C4 /* PBXContainerItemProxy */ = {
			isa = PBXContainerItemProxy;
			containerPortal = 6E97304E2C9337E400C690C4 /* Project object */;
			proxyType = 1;
			remoteGlobalIDString = 6E9730552C9337E400C690C4;
			remoteInfo = Sacrena;
		};
/* End PBXContainerItemProxy section */

/* Begin PBXFileReference section */
		6E9223DE2C9544B400EE6891 /* Constants.swift */ = {isa = PBXFileReference; lastKnownFileType = sourcecode.swift; path = Constants.swift; sourceTree = "<group>"; };
		6E9223E22C95450500EE6891 /* ChatListView.swift */ = {isa = PBXFileReference; lastKnownFileType = sourcecode.swift; path = ChatListView.swift; sourceTree = "<group>"; };
		6E9223E42C95451300EE6891 /* ChatView.swift */ = {isa = PBXFileReference; lastKnownFileType = sourcecode.swift; path = ChatView.swift; sourceTree = "<group>"; };
		6E9223E62C954DFC00EE6891 /* CustomFactory.swift */ = {isa = PBXFileReference; lastKnownFileType = sourcecode.swift; path = CustomFactory.swift; sourceTree = "<group>"; };
		6E9223E92C9557ED00EE6891 /* SacrenaChannelHeader.swift */ = {isa = PBXFileReference; lastKnownFileType = sourcecode.swift; path = SacrenaChannelHeader.swift; sourceTree = "<group>"; };
		6E9223EC2C955A7300EE6891 /* SacrenaChannelHeaderModifier.swift */ = {isa = PBXFileReference; lastKnownFileType = sourcecode.swift; path = SacrenaChannelHeaderModifier.swift; sourceTree = "<group>"; };
		6E9223F02C955C1700EE6891 /* ChatListViewModel.swift */ = {isa = PBXFileReference; lastKnownFileType = sourcecode.swift; path = ChatListViewModel.swift; sourceTree = "<group>"; };
		6E9223F22C95702000EE6891 /* ChatViewModel.swift */ = {isa = PBXFileReference; lastKnownFileType = sourcecode.swift; path = ChatViewModel.swift; sourceTree = "<group>"; };
		6E9223F52C9573E800EE6891 /* Routes.swift */ = {isa = PBXFileReference; lastKnownFileType = sourcecode.swift; path = Routes.swift; sourceTree = "<group>"; };
		6E9223F72C95740B00EE6891 /* NavigationModifier.swift */ = {isa = PBXFileReference; lastKnownFileType = sourcecode.swift; path = NavigationModifier.swift; sourceTree = "<group>"; };
		6E9223F92C95748400EE6891 /* BackToView.swift */ = {isa = PBXFileReference; lastKnownFileType = sourcecode.swift; path = BackToView.swift; sourceTree = "<group>"; };
		6E9223FB2C9574AE00EE6891 /* NavigationManager.swift */ = {isa = PBXFileReference; lastKnownFileType = sourcecode.swift; path = NavigationManager.swift; sourceTree = "<group>"; };
		6E9223FE2C9575CA00EE6891 /* View+Extension.swift */ = {isa = PBXFileReference; lastKnownFileType = sourcecode.swift; path = "View+Extension.swift"; sourceTree = "<group>"; };
		6E9224002C9577E600EE6891 /* BackgroundView.swift */ = {isa = PBXFileReference; lastKnownFileType = sourcecode.swift; path = BackgroundView.swift; sourceTree = "<group>"; };
		6E9224022C957A2200EE6891 /* PermissionsManager.swift */ = {isa = PBXFileReference; lastKnownFileType = sourcecode.swift; path = PermissionsManager.swift; sourceTree = "<group>"; };
		6E9224052C957B4800EE6891 /* ImagePickerView.swift */ = {isa = PBXFileReference; lastKnownFileType = sourcecode.swift; path = ImagePickerView.swift; sourceTree = "<group>"; };
		6E9224082C9585EC00EE6891 /* messageTail.swift */ = {isa = PBXFileReference; lastKnownFileType = sourcecode.swift; path = messageTail.swift; sourceTree = "<group>"; };
		6E92240A2C95861700EE6891 /* MessageView.swift */ = {isa = PBXFileReference; lastKnownFileType = sourcecode.swift; path = MessageView.swift; sourceTree = "<group>"; };
		6E92240C2C9587A300EE6891 /* TextStyleModifier.swift */ = {isa = PBXFileReference; lastKnownFileType = sourcecode.swift; path = TextStyleModifier.swift; sourceTree = "<group>"; };
		6E9730562C9337E400C690C4 /* Sacrena.app */ = {isa = PBXFileReference; explicitFileType = wrapper.application; includeInIndex = 0; path = Sacrena.app; sourceTree = BUILT_PRODUCTS_DIR; };
		6E9730592C9337E400C690C4 /* SacrenaApp.swift */ = {isa = PBXFileReference; lastKnownFileType = sourcecode.swift; path = SacrenaApp.swift; sourceTree = "<group>"; };
		6E97305D2C9337E600C690C4 /* Assets.xcassets */ = {isa = PBXFileReference; lastKnownFileType = folder.assetcatalog; path = Assets.xcassets; sourceTree = "<group>"; };
		6E9730602C9337E600C690C4 /* Preview Assets.xcassets */ = {isa = PBXFileReference; lastKnownFileType = folder.assetcatalog; path = "Preview Assets.xcassets"; sourceTree = "<group>"; };
		6E9730662C9337E700C690C4 /* SacrenaTests.xctest */ = {isa = PBXFileReference; explicitFileType = wrapper.cfbundle; includeInIndex = 0; path = SacrenaTests.xctest; sourceTree = BUILT_PRODUCTS_DIR; };
		6E97306A2C9337E700C690C4 /* SacrenaTests.swift */ = {isa = PBXFileReference; lastKnownFileType = sourcecode.swift; path = SacrenaTests.swift; sourceTree = "<group>"; };
		6E9730702C9337E700C690C4 /* SacrenaUITests.xctest */ = {isa = PBXFileReference; explicitFileType = wrapper.cfbundle; includeInIndex = 0; path = SacrenaUITests.xctest; sourceTree = BUILT_PRODUCTS_DIR; };
		6E9730742C9337E700C690C4 /* SacrenaUITests.swift */ = {isa = PBXFileReference; lastKnownFileType = sourcecode.swift; path = SacrenaUITests.swift; sourceTree = "<group>"; };
		6E9730762C9337E700C690C4 /* SacrenaUITestsLaunchTests.swift */ = {isa = PBXFileReference; lastKnownFileType = sourcecode.swift; path = SacrenaUITestsLaunchTests.swift; sourceTree = "<group>"; };
		6E9730862C933A6300C690C4 /* Colors.xcassets */ = {isa = PBXFileReference; lastKnownFileType = folder.assetcatalog; path = Colors.xcassets; sourceTree = "<group>"; };
/* End PBXFileReference section */

/* Begin PBXFrameworksBuildPhase section */
		6E9730532C9337E400C690C4 /* Frameworks */ = {
			isa = PBXFrameworksBuildPhase;
			buildActionMask = 2147483647;
			files = (
				6E9223DC2C95419A00EE6891 /* StreamChatSwiftUI in Frameworks */,
			);
			runOnlyForDeploymentPostprocessing = 0;
		};
		6E9730632C9337E700C690C4 /* Frameworks */ = {
			isa = PBXFrameworksBuildPhase;
			buildActionMask = 2147483647;
			files = (
			);
			runOnlyForDeploymentPostprocessing = 0;
		};
		6E97306D2C9337E700C690C4 /* Frameworks */ = {
			isa = PBXFrameworksBuildPhase;
			buildActionMask = 2147483647;
			files = (
			);
			runOnlyForDeploymentPostprocessing = 0;
		};
/* End PBXFrameworksBuildPhase section */

/* Begin PBXGroup section */
		6E9223DD2C95449C00EE6891 /* Helpers */ = {
			isa = PBXGroup;
			children = (
				6E9223DE2C9544B400EE6891 /* Constants.swift */,
				6E9223E62C954DFC00EE6891 /* CustomFactory.swift */,
				6E9224022C957A2200EE6891 /* PermissionsManager.swift */,
			);
			path = Helpers;
			sourceTree = "<group>";
		};
		6E9223E02C9544E800EE6891 /* ChatList */ = {
			isa = PBXGroup;
			children = (
				6E9223E22C95450500EE6891 /* ChatListView.swift */,
				6E9223F02C955C1700EE6891 /* ChatListViewModel.swift */,
			);
			path = ChatList;
			sourceTree = "<group>";
		};
		6E9223E12C9544EE00EE6891 /* Chat */ = {
			isa = PBXGroup;
			children = (
				6E9223E42C95451300EE6891 /* ChatView.swift */,
				6E9223F22C95702000EE6891 /* ChatViewModel.swift */,
				6E92240A2C95861700EE6891 /* MessageView.swift */,
			);
			path = Chat;
			sourceTree = "<group>";
		};
		6E9223E82C9557D400EE6891 /* UIComponents */ = {
			isa = PBXGroup;
			children = (
				6E9223E92C9557ED00EE6891 /* SacrenaChannelHeader.swift */,
				6E9224002C9577E600EE6891 /* BackgroundView.swift */,
			);
			path = UIComponents;
			sourceTree = "<group>";
		};
		6E9223EB2C955A4A00EE6891 /* ViewModifiers */ = {
			isa = PBXGroup;
			children = (
				6E9223EC2C955A7300EE6891 /* SacrenaChannelHeaderModifier.swift */,
				6E9223F92C95748400EE6891 /* BackToView.swift */,
				6E92240C2C9587A300EE6891 /* TextStyleModifier.swift */,
			);
			path = ViewModifiers;
			sourceTree = "<group>";
		};
		6E9223F42C9573CA00EE6891 /* Navigation */ = {
			isa = PBXGroup;
			children = (
				6E9223F52C9573E800EE6891 /* Routes.swift */,
				6E9223F72C95740B00EE6891 /* NavigationModifier.swift */,
				6E9223FB2C9574AE00EE6891 /* NavigationManager.swift */,
			);
			path = Navigation;
			sourceTree = "<group>";
		};
		6E9223FD2C9575BC00EE6891 /* Extensions */ = {
			isa = PBXGroup;
			children = (
				6E9223FE2C9575CA00EE6891 /* View+Extension.swift */,
			);
			path = Extensions;
			sourceTree = "<group>";
		};
		6E9224042C957B3F00EE6891 /* Camera */ = {
			isa = PBXGroup;
			children = (
				6E9224052C957B4800EE6891 /* ImagePickerView.swift */,
			);
			path = Camera;
			sourceTree = "<group>";
		};
		6E9224072C9585E200EE6891 /* Shapes */ = {
			isa = PBXGroup;
			children = (
				6E9224082C9585EC00EE6891 /* messageTail.swift */,
			);
			path = Shapes;
			sourceTree = "<group>";
		};
		6E97304D2C9337E400C690C4 = {
			isa = PBXGroup;
			children = (
				6E9730582C9337E400C690C4 /* Sacrena */,
				6E9730692C9337E700C690C4 /* SacrenaTests */,
				6E9730732C9337E700C690C4 /* SacrenaUITests */,
				6E9730572C9337E400C690C4 /* Products */,
			);
			sourceTree = "<group>";
		};
		6E9730572C9337E400C690C4 /* Products */ = {
			isa = PBXGroup;
			children = (
				6E9730562C9337E400C690C4 /* Sacrena.app */,
				6E9730662C9337E700C690C4 /* SacrenaTests.xctest */,
				6E9730702C9337E700C690C4 /* SacrenaUITests.xctest */,
			);
			name = Products;
			sourceTree = "<group>";
		};
		6E9730582C9337E400C690C4 /* Sacrena */ = {
			isa = PBXGroup;
			children = (
				6E9730592C9337E400C690C4 /* SacrenaApp.swift */,
				6E9730832C93380C00C690C4 /* Utilities */,
				6E9730852C93381A00C690C4 /* Modules */,
				6E9730842C93381400C690C4 /* Resources */,
				6E97305F2C9337E600C690C4 /* Preview Content */,
			);
			path = Sacrena;
			sourceTree = "<group>";
		};
		6E97305F2C9337E600C690C4 /* Preview Content */ = {
			isa = PBXGroup;
			children = (
				6E9730602C9337E600C690C4 /* Preview Assets.xcassets */,
			);
			path = "Preview Content";
			sourceTree = "<group>";
		};
		6E9730692C9337E700C690C4 /* SacrenaTests */ = {
			isa = PBXGroup;
			children = (
				6E97306A2C9337E700C690C4 /* SacrenaTests.swift */,
			);
			path = SacrenaTests;
			sourceTree = "<group>";
		};
		6E9730732C9337E700C690C4 /* SacrenaUITests */ = {
			isa = PBXGroup;
			children = (
				6E9730742C9337E700C690C4 /* SacrenaUITests.swift */,
				6E9730762C9337E700C690C4 /* SacrenaUITestsLaunchTests.swift */,
			);
			path = SacrenaUITests;
			sourceTree = "<group>";
		};
		6E9730832C93380C00C690C4 /* Utilities */ = {
			isa = PBXGroup;
			children = (
				6E9224072C9585E200EE6891 /* Shapes */,
				6E9224042C957B3F00EE6891 /* Camera */,
				6E9223FD2C9575BC00EE6891 /* Extensions */,
				6E9223F42C9573CA00EE6891 /* Navigation */,
				6E9223EB2C955A4A00EE6891 /* ViewModifiers */,
				6E9223E82C9557D400EE6891 /* UIComponents */,
				6E9223DD2C95449C00EE6891 /* Helpers */,
			);
			path = Utilities;
			sourceTree = "<group>";
		};
		6E9730842C93381400C690C4 /* Resources */ = {
			isa = PBXGroup;
			children = (
				6E97305D2C9337E600C690C4 /* Assets.xcassets */,
				6E9730862C933A6300C690C4 /* Colors.xcassets */,
			);
			path = Resources;
			sourceTree = "<group>";
		};
		6E9730852C93381A00C690C4 /* Modules */ = {
			isa = PBXGroup;
			children = (
				6E9223E12C9544EE00EE6891 /* Chat */,
				6E9223E02C9544E800EE6891 /* ChatList */,
			);
			path = Modules;
			sourceTree = "<group>";
		};
/* End PBXGroup section */

/* Begin PBXNativeTarget section */
		6E9730552C9337E400C690C4 /* Sacrena */ = {
			isa = PBXNativeTarget;
			buildConfigurationList = 6E97307A2C9337E700C690C4 /* Build configuration list for PBXNativeTarget "Sacrena" */;
			buildPhases = (
				6E9730522C9337E400C690C4 /* Sources */,
				6E9730532C9337E400C690C4 /* Frameworks */,
				6E9730542C9337E400C690C4 /* Resources */,
			);
			buildRules = (
			);
			dependencies = (
			);
			name = Sacrena;
			packageProductDependencies = (
				6E9223DB2C95419A00EE6891 /* StreamChatSwiftUI */,
			);
			productName = Sacrena;
			productReference = 6E9730562C9337E400C690C4 /* Sacrena.app */;
			productType = "com.apple.product-type.application";
		};
		6E9730652C9337E700C690C4 /* SacrenaTests */ = {
			isa = PBXNativeTarget;
			buildConfigurationList = 6E97307D2C9337E700C690C4 /* Build configuration list for PBXNativeTarget "SacrenaTests" */;
			buildPhases = (
				6E9730622C9337E700C690C4 /* Sources */,
				6E9730632C9337E700C690C4 /* Frameworks */,
				6E9730642C9337E700C690C4 /* Resources */,
			);
			buildRules = (
			);
			dependencies = (
				6E9730682C9337E700C690C4 /* PBXTargetDependency */,
			);
			name = SacrenaTests;
			productName = SacrenaTests;
			productReference = 6E9730662C9337E700C690C4 /* SacrenaTests.xctest */;
			productType = "com.apple.product-type.bundle.unit-test";
		};
		6E97306F2C9337E700C690C4 /* SacrenaUITests */ = {
			isa = PBXNativeTarget;
			buildConfigurationList = 6E9730802C9337E700C690C4 /* Build configuration list for PBXNativeTarget "SacrenaUITests" */;
			buildPhases = (
				6E97306C2C9337E700C690C4 /* Sources */,
				6E97306D2C9337E700C690C4 /* Frameworks */,
				6E97306E2C9337E700C690C4 /* Resources */,
			);
			buildRules = (
			);
			dependencies = (
				6E9730722C9337E700C690C4 /* PBXTargetDependency */,
			);
			name = SacrenaUITests;
			productName = SacrenaUITests;
			productReference = 6E9730702C9337E700C690C4 /* SacrenaUITests.xctest */;
			productType = "com.apple.product-type.bundle.ui-testing";
		};
/* End PBXNativeTarget section */

/* Begin PBXProject section */
		6E97304E2C9337E400C690C4 /* Project object */ = {
			isa = PBXProject;
			attributes = {
				BuildIndependentTargetsInParallel = 1;
				LastSwiftUpdateCheck = 1530;
				LastUpgradeCheck = 1530;
				TargetAttributes = {
					6E9730552C9337E400C690C4 = {
						CreatedOnToolsVersion = 15.3;
					};
					6E9730652C9337E700C690C4 = {
						CreatedOnToolsVersion = 15.3;
						TestTargetID = 6E9730552C9337E400C690C4;
					};
					6E97306F2C9337E700C690C4 = {
						CreatedOnToolsVersion = 15.3;
						TestTargetID = 6E9730552C9337E400C690C4;
					};
				};
			};
			buildConfigurationList = 6E9730512C9337E400C690C4 /* Build configuration list for PBXProject "Sacrena" */;
			compatibilityVersion = "Xcode 14.0";
			developmentRegion = en;
			hasScannedForEncodings = 0;
			knownRegions = (
				en,
				Base,
			);
			mainGroup = 6E97304D2C9337E400C690C4;
			packageReferences = (
				6E9223DA2C95419A00EE6891 /* XCRemoteSwiftPackageReference "stream-chat-swiftui" */,
			);
			productRefGroup = 6E9730572C9337E400C690C4 /* Products */;
			projectDirPath = "";
			projectRoot = "";
			targets = (
				6E9730552C9337E400C690C4 /* Sacrena */,
				6E9730652C9337E700C690C4 /* SacrenaTests */,
				6E97306F2C9337E700C690C4 /* SacrenaUITests */,
			);
		};
/* End PBXProject section */

/* Begin PBXResourcesBuildPhase section */
		6E9730542C9337E400C690C4 /* Resources */ = {
			isa = PBXResourcesBuildPhase;
			buildActionMask = 2147483647;
			files = (
				6E9730872C933A6300C690C4 /* Colors.xcassets in Resources */,
				6E9730612C9337E600C690C4 /* Preview Assets.xcassets in Resources */,
				6E97305E2C9337E600C690C4 /* Assets.xcassets in Resources */,
			);
			runOnlyForDeploymentPostprocessing = 0;
		};
		6E9730642C9337E700C690C4 /* Resources */ = {
			isa = PBXResourcesBuildPhase;
			buildActionMask = 2147483647;
			files = (
			);
			runOnlyForDeploymentPostprocessing = 0;
		};
		6E97306E2C9337E700C690C4 /* Resources */ = {
			isa = PBXResourcesBuildPhase;
			buildActionMask = 2147483647;
			files = (
			);
			runOnlyForDeploymentPostprocessing = 0;
		};
/* End PBXResourcesBuildPhase section */

/* Begin PBXSourcesBuildPhase section */
		6E9730522C9337E400C690C4 /* Sources */ = {
			isa = PBXSourcesBuildPhase;
			buildActionMask = 2147483647;
			files = (
				6E9224012C9577E600EE6891 /* BackgroundView.swift in Sources */,
				6E9223E72C954DFC00EE6891 /* CustomFactory.swift in Sources */,
				6E97305A2C9337E400C690C4 /* SacrenaApp.swift in Sources */,
				6E9223FA2C95748400EE6891 /* BackToView.swift in Sources */,
				6E9223E52C95451300EE6891 /* ChatView.swift in Sources */,
				6E9223E32C95450500EE6891 /* ChatListView.swift in Sources */,
				6E9223F12C955C1700EE6891 /* ChatListViewModel.swift in Sources */,
				6E9223EA2C9557ED00EE6891 /* SacrenaChannelHeader.swift in Sources */,
				6E9223ED2C955A7300EE6891 /* SacrenaChannelHeaderModifier.swift in Sources */,
				6E9223F62C9573E800EE6891 /* Routes.swift in Sources */,
				6E9224032C957A2200EE6891 /* PermissionsManager.swift in Sources */,
				6E92240B2C95861700EE6891 /* MessageView.swift in Sources */,
				6E9224092C9585EC00EE6891 /* messageTail.swift in Sources */,
				6E9223F82C95740B00EE6891 /* NavigationModifier.swift in Sources */,
				6E9223F32C95702000EE6891 /* ChatViewModel.swift in Sources */,
				6E92240D2C9587A300EE6891 /* TextStyleModifier.swift in Sources */,
				6E9223FC2C9574AE00EE6891 /* NavigationManager.swift in Sources */,
				6E9223FF2C9575CA00EE6891 /* View+Extension.swift in Sources */,
				6E9223DF2C9544B400EE6891 /* Constants.swift in Sources */,
				6E9224062C957B4800EE6891 /* ImagePickerView.swift in Sources */,
			);
			runOnlyForDeploymentPostprocessing = 0;
		};
		6E9730622C9337E700C690C4 /* Sources */ = {
			isa = PBXSourcesBuildPhase;
			buildActionMask = 2147483647;
			files = (
				6E97306B2C9337E700C690C4 /* SacrenaTests.swift in Sources */,
			);
			runOnlyForDeploymentPostprocessing = 0;
		};
		6E97306C2C9337E700C690C4 /* Sources */ = {
			isa = PBXSourcesBuildPhase;
			buildActionMask = 2147483647;
			files = (
				6E9730772C9337E700C690C4 /* SacrenaUITestsLaunchTests.swift in Sources */,
				6E9730752C9337E700C690C4 /* SacrenaUITests.swift in Sources */,
			);
			runOnlyForDeploymentPostprocessing = 0;
		};
/* End PBXSourcesBuildPhase section */

/* Begin PBXTargetDependency section */
		6E9730682C9337E700C690C4 /* PBXTargetDependency */ = {
			isa = PBXTargetDependency;
			target = 6E9730552C9337E400C690C4 /* Sacrena */;
			targetProxy = 6E9730672C9337E700C690C4 /* PBXContainerItemProxy */;
		};
		6E9730722C9337E700C690C4 /* PBXTargetDependency */ = {
			isa = PBXTargetDependency;
			target = 6E9730552C9337E400C690C4 /* Sacrena */;
			targetProxy = 6E9730712C9337E700C690C4 /* PBXContainerItemProxy */;
		};
/* End PBXTargetDependency section */

/* Begin XCBuildConfiguration section */
		6E9730782C9337E700C690C4 /* Debug */ = {
			isa = XCBuildConfiguration;
			buildSettings = {
				ALWAYS_SEARCH_USER_PATHS = NO;
				ASSETCATALOG_COMPILER_GENERATE_SWIFT_ASSET_SYMBOL_EXTENSIONS = YES;
				CLANG_ANALYZER_NONNULL = YES;
				CLANG_ANALYZER_NUMBER_OBJECT_CONVERSION = YES_AGGRESSIVE;
				CLANG_CXX_LANGUAGE_STANDARD = "gnu++20";
				CLANG_ENABLE_MODULES = YES;
				CLANG_ENABLE_OBJC_ARC = YES;
				CLANG_ENABLE_OBJC_WEAK = YES;
				CLANG_WARN_BLOCK_CAPTURE_AUTORELEASING = YES;
				CLANG_WARN_BOOL_CONVERSION = YES;
				CLANG_WARN_COMMA = YES;
				CLANG_WARN_CONSTANT_CONVERSION = YES;
				CLANG_WARN_DEPRECATED_OBJC_IMPLEMENTATIONS = YES;
				CLANG_WARN_DIRECT_OBJC_ISA_USAGE = YES_ERROR;
				CLANG_WARN_DOCUMENTATION_COMMENTS = YES;
				CLANG_WARN_EMPTY_BODY = YES;
				CLANG_WARN_ENUM_CONVERSION = YES;
				CLANG_WARN_INFINITE_RECURSION = YES;
				CLANG_WARN_INT_CONVERSION = YES;
				CLANG_WARN_NON_LITERAL_NULL_CONVERSION = YES;
				CLANG_WARN_OBJC_IMPLICIT_RETAIN_SELF = YES;
				CLANG_WARN_OBJC_LITERAL_CONVERSION = YES;
				CLANG_WARN_OBJC_ROOT_CLASS = YES_ERROR;
				CLANG_WARN_QUOTED_INCLUDE_IN_FRAMEWORK_HEADER = YES;
				CLANG_WARN_RANGE_LOOP_ANALYSIS = YES;
				CLANG_WARN_STRICT_PROTOTYPES = YES;
				CLANG_WARN_SUSPICIOUS_MOVE = YES;
				CLANG_WARN_UNGUARDED_AVAILABILITY = YES_AGGRESSIVE;
				CLANG_WARN_UNREACHABLE_CODE = YES;
				CLANG_WARN__DUPLICATE_METHOD_MATCH = YES;
				COPY_PHASE_STRIP = NO;
				DEBUG_INFORMATION_FORMAT = dwarf;
				ENABLE_STRICT_OBJC_MSGSEND = YES;
				ENABLE_TESTABILITY = YES;
				ENABLE_USER_SCRIPT_SANDBOXING = NO;
				GCC_C_LANGUAGE_STANDARD = gnu17;
				GCC_DYNAMIC_NO_PIC = NO;
				GCC_NO_COMMON_BLOCKS = YES;
				GCC_OPTIMIZATION_LEVEL = 0;
				GCC_PREPROCESSOR_DEFINITIONS = (
					"DEBUG=1",
					"$(inherited)",
				);
				GCC_WARN_64_TO_32_BIT_CONVERSION = YES;
				GCC_WARN_ABOUT_RETURN_TYPE = YES_ERROR;
				GCC_WARN_UNDECLARED_SELECTOR = YES;
				GCC_WARN_UNINITIALIZED_AUTOS = YES_AGGRESSIVE;
				GCC_WARN_UNUSED_FUNCTION = YES;
				GCC_WARN_UNUSED_VARIABLE = YES;
				IPHONEOS_DEPLOYMENT_TARGET = 17.4;
				LOCALIZATION_PREFERS_STRING_CATALOGS = YES;
				MTL_ENABLE_DEBUG_INFO = INCLUDE_SOURCE;
				MTL_FAST_MATH = YES;
				ONLY_ACTIVE_ARCH = YES;
				SDKROOT = iphoneos;
				SWIFT_ACTIVE_COMPILATION_CONDITIONS = "DEBUG $(inherited)";
				SWIFT_OPTIMIZATION_LEVEL = "-Onone";
			};
			name = Debug;
		};
		6E9730792C9337E700C690C4 /* Release */ = {
			isa = XCBuildConfiguration;
			buildSettings = {
				ALWAYS_SEARCH_USER_PATHS = NO;
				ASSETCATALOG_COMPILER_GENERATE_SWIFT_ASSET_SYMBOL_EXTENSIONS = YES;
				CLANG_ANALYZER_NONNULL = YES;
				CLANG_ANALYZER_NUMBER_OBJECT_CONVERSION = YES_AGGRESSIVE;
				CLANG_CXX_LANGUAGE_STANDARD = "gnu++20";
				CLANG_ENABLE_MODULES = YES;
				CLANG_ENABLE_OBJC_ARC = YES;
				CLANG_ENABLE_OBJC_WEAK = YES;
				CLANG_WARN_BLOCK_CAPTURE_AUTORELEASING = YES;
				CLANG_WARN_BOOL_CONVERSION = YES;
				CLANG_WARN_COMMA = YES;
				CLANG_WARN_CONSTANT_CONVERSION = YES;
				CLANG_WARN_DEPRECATED_OBJC_IMPLEMENTATIONS = YES;
				CLANG_WARN_DIRECT_OBJC_ISA_USAGE = YES_ERROR;
				CLANG_WARN_DOCUMENTATION_COMMENTS = YES;
				CLANG_WARN_EMPTY_BODY = YES;
				CLANG_WARN_ENUM_CONVERSION = YES;
				CLANG_WARN_INFINITE_RECURSION = YES;
				CLANG_WARN_INT_CONVERSION = YES;
				CLANG_WARN_NON_LITERAL_NULL_CONVERSION = YES;
				CLANG_WARN_OBJC_IMPLICIT_RETAIN_SELF = YES;
				CLANG_WARN_OBJC_LITERAL_CONVERSION = YES;
				CLANG_WARN_OBJC_ROOT_CLASS = YES_ERROR;
				CLANG_WARN_QUOTED_INCLUDE_IN_FRAMEWORK_HEADER = YES;
				CLANG_WARN_RANGE_LOOP_ANALYSIS = YES;
				CLANG_WARN_STRICT_PROTOTYPES = YES;
				CLANG_WARN_SUSPICIOUS_MOVE = YES;
				CLANG_WARN_UNGUARDED_AVAILABILITY = YES_AGGRESSIVE;
				CLANG_WARN_UNREACHABLE_CODE = YES;
				CLANG_WARN__DUPLICATE_METHOD_MATCH = YES;
				COPY_PHASE_STRIP = NO;
				DEBUG_INFORMATION_FORMAT = "dwarf-with-dsym";
				ENABLE_NS_ASSERTIONS = NO;
				ENABLE_STRICT_OBJC_MSGSEND = YES;
				ENABLE_USER_SCRIPT_SANDBOXING = NO;
				GCC_C_LANGUAGE_STANDARD = gnu17;
				GCC_NO_COMMON_BLOCKS = YES;
				GCC_WARN_64_TO_32_BIT_CONVERSION = YES;
				GCC_WARN_ABOUT_RETURN_TYPE = YES_ERROR;
				GCC_WARN_UNDECLARED_SELECTOR = YES;
				GCC_WARN_UNINITIALIZED_AUTOS = YES_AGGRESSIVE;
				GCC_WARN_UNUSED_FUNCTION = YES;
				GCC_WARN_UNUSED_VARIABLE = YES;
				IPHONEOS_DEPLOYMENT_TARGET = 17.4;
				LOCALIZATION_PREFERS_STRING_CATALOGS = YES;
				MTL_ENABLE_DEBUG_INFO = NO;
				MTL_FAST_MATH = YES;
				SDKROOT = iphoneos;
				SWIFT_COMPILATION_MODE = wholemodule;
				VALIDATE_PRODUCT = YES;
			};
			name = Release;
		};
		6E97307B2C9337E700C690C4 /* Debug */ = {
			isa = XCBuildConfiguration;
			buildSettings = {
				ASSETCATALOG_COMPILER_APPICON_NAME = AppIcon;
				ASSETCATALOG_COMPILER_GLOBAL_ACCENT_COLOR_NAME = AccentColor;
				CODE_SIGN_STYLE = Automatic;
				CURRENT_PROJECT_VERSION = 1;
				DEVELOPMENT_ASSET_PATHS = "\"Sacrena/Preview Content\"";
				DEVELOPMENT_TEAM = SA3R8VR9GD;
				ENABLE_PREVIEWS = YES;
				GENERATE_INFOPLIST_FILE = YES;
				INFOPLIST_KEY_NSCameraUsageDescription = "We need access to your camera to take photos and upload them to our app.";
				INFOPLIST_KEY_UIApplicationSceneManifest_Generation = YES;
				INFOPLIST_KEY_UIApplicationSupportsIndirectInputEvents = YES;
				INFOPLIST_KEY_UILaunchScreen_Generation = YES;
				INFOPLIST_KEY_UISupportedInterfaceOrientations_iPad = "UIInterfaceOrientationPortrait UIInterfaceOrientationPortraitUpsideDown UIInterfaceOrientationLandscapeLeft UIInterfaceOrientationLandscapeRight";
				INFOPLIST_KEY_UISupportedInterfaceOrientations_iPhone = "UIInterfaceOrientationPortrait UIInterfaceOrientationLandscapeLeft UIInterfaceOrientationLandscapeRight";
				IPHONEOS_DEPLOYMENT_TARGET = 17.0;
				LD_RUNPATH_SEARCH_PATHS = (
					"$(inherited)",
					"@executable_path/Frameworks",
				);
				MARKETING_VERSION = 1.0;
				PRODUCT_BUNDLE_IDENTIFIER = com.ganeshrajugalla.Sacrena;
				PRODUCT_NAME = "$(TARGET_NAME)";
				SWIFT_EMIT_LOC_STRINGS = YES;
				SWIFT_VERSION = 5.0;
				TARGETED_DEVICE_FAMILY = "1,2";
			};
			name = Debug;
		};
		6E97307C2C9337E700C690C4 /* Release */ = {
			isa = XCBuildConfiguration;
			buildSettings = {
				ASSETCATALOG_COMPILER_APPICON_NAME = AppIcon;
				ASSETCATALOG_COMPILER_GLOBAL_ACCENT_COLOR_NAME = AccentColor;
				CODE_SIGN_STYLE = Automatic;
				CURRENT_PROJECT_VERSION = 1;
				DEVELOPMENT_ASSET_PATHS = "\"Sacrena/Preview Content\"";
				DEVELOPMENT_TEAM = SA3R8VR9GD;
				ENABLE_PREVIEWS = YES;
				GENERATE_INFOPLIST_FILE = YES;
				INFOPLIST_KEY_NSCameraUsageDescription = "We need access to your camera to take photos and upload them to our app.";
				INFOPLIST_KEY_UIApplicationSceneManifest_Generation = YES;
				INFOPLIST_KEY_UIApplicationSupportsIndirectInputEvents = YES;
				INFOPLIST_KEY_UILaunchScreen_Generation = YES;
				INFOPLIST_KEY_UISupportedInterfaceOrientations_iPad = "UIInterfaceOrientationPortrait UIInterfaceOrientationPortraitUpsideDown UIInterfaceOrientationLandscapeLeft UIInterfaceOrientationLandscapeRight";
				INFOPLIST_KEY_UISupportedInterfaceOrientations_iPhone = "UIInterfaceOrientationPortrait UIInterfaceOrientationLandscapeLeft UIInterfaceOrientationLandscapeRight";
				IPHONEOS_DEPLOYMENT_TARGET = 17.0;
				LD_RUNPATH_SEARCH_PATHS = (
					"$(inherited)",
					"@executable_path/Frameworks",
				);
				MARKETING_VERSION = 1.0;
				PRODUCT_BUNDLE_IDENTIFIER = com.ganeshrajugalla.Sacrena;
				PRODUCT_NAME = "$(TARGET_NAME)";
				SWIFT_EMIT_LOC_STRINGS = YES;
				SWIFT_VERSION = 5.0;
				TARGETED_DEVICE_FAMILY = "1,2";
			};
			name = Release;
		};
		6E97307E2C9337E700C690C4 /* Debug */ = {
			isa = XCBuildConfiguration;
			buildSettings = {
				ALWAYS_EMBED_SWIFT_STANDARD_LIBRARIES = YES;
				BUNDLE_LOADER = "$(TEST_HOST)";
				CODE_SIGN_STYLE = Automatic;
				CURRENT_PROJECT_VERSION = 1;
				DEVELOPMENT_TEAM = SA3R8VR9GD;
				GENERATE_INFOPLIST_FILE = YES;
				IPHONEOS_DEPLOYMENT_TARGET = 17.4;
				MARKETING_VERSION = 1.0;
				PRODUCT_BUNDLE_IDENTIFIER = com.ganeshrajugalla.SacrenaTests;
				PRODUCT_NAME = "$(TARGET_NAME)";
				SWIFT_EMIT_LOC_STRINGS = NO;
				SWIFT_VERSION = 5.0;
				TARGETED_DEVICE_FAMILY = "1,2";
				TEST_HOST = "$(BUILT_PRODUCTS_DIR)/Sacrena.app/$(BUNDLE_EXECUTABLE_FOLDER_PATH)/Sacrena";
			};
			name = Debug;
		};
		6E97307F2C9337E700C690C4 /* Release */ = {
			isa = XCBuildConfiguration;
			buildSettings = {
				ALWAYS_EMBED_SWIFT_STANDARD_LIBRARIES = YES;
				BUNDLE_LOADER = "$(TEST_HOST)";
				CODE_SIGN_STYLE = Automatic;
				CURRENT_PROJECT_VERSION = 1;
				DEVELOPMENT_TEAM = SA3R8VR9GD;
				GENERATE_INFOPLIST_FILE = YES;
				IPHONEOS_DEPLOYMENT_TARGET = 17.4;
				MARKETING_VERSION = 1.0;
				PRODUCT_BUNDLE_IDENTIFIER = com.ganeshrajugalla.SacrenaTests;
				PRODUCT_NAME = "$(TARGET_NAME)";
				SWIFT_EMIT_LOC_STRINGS = NO;
				SWIFT_VERSION = 5.0;
				TARGETED_DEVICE_FAMILY = "1,2";
				TEST_HOST = "$(BUILT_PRODUCTS_DIR)/Sacrena.app/$(BUNDLE_EXECUTABLE_FOLDER_PATH)/Sacrena";
			};
			name = Release;
		};
		6E9730812C9337E700C690C4 /* Debug */ = {
			isa = XCBuildConfiguration;
			buildSettings = {
				ALWAYS_EMBED_SWIFT_STANDARD_LIBRARIES = YES;
				CODE_SIGN_STYLE = Automatic;
				CURRENT_PROJECT_VERSION = 1;
				DEVELOPMENT_TEAM = SA3R8VR9GD;
				GENERATE_INFOPLIST_FILE = YES;
				MARKETING_VERSION = 1.0;
				PRODUCT_BUNDLE_IDENTIFIER = com.ganeshrajugalla.SacrenaUITests;
				PRODUCT_NAME = "$(TARGET_NAME)";
				SWIFT_EMIT_LOC_STRINGS = NO;
				SWIFT_VERSION = 5.0;
				TARGETED_DEVICE_FAMILY = "1,2";
				TEST_TARGET_NAME = Sacrena;
			};
			name = Debug;
		};
		6E9730822C9337E700C690C4 /* Release */ = {
			isa = XCBuildConfiguration;
			buildSettings = {
				ALWAYS_EMBED_SWIFT_STANDARD_LIBRARIES = YES;
				CODE_SIGN_STYLE = Automatic;
				CURRENT_PROJECT_VERSION = 1;
				DEVELOPMENT_TEAM = SA3R8VR9GD;
				GENERATE_INFOPLIST_FILE = YES;
				MARKETING_VERSION = 1.0;
				PRODUCT_BUNDLE_IDENTIFIER = com.ganeshrajugalla.SacrenaUITests;
				PRODUCT_NAME = "$(TARGET_NAME)";
				SWIFT_EMIT_LOC_STRINGS = NO;
				SWIFT_VERSION = 5.0;
				TARGETED_DEVICE_FAMILY = "1,2";
				TEST_TARGET_NAME = Sacrena;
			};
			name = Release;
		};
/* End XCBuildConfiguration section */

/* Begin XCConfigurationList section */
		6E9730512C9337E400C690C4 /* Build configuration list for PBXProject "Sacrena" */ = {
			isa = XCConfigurationList;
			buildConfigurations = (
				6E9730782C9337E700C690C4 /* Debug */,
				6E9730792C9337E700C690C4 /* Release */,
			);
			defaultConfigurationIsVisible = 0;
			defaultConfigurationName = Release;
		};
		6E97307A2C9337E700C690C4 /* Build configuration list for PBXNativeTarget "Sacrena" */ = {
			isa = XCConfigurationList;
			buildConfigurations = (
				6E97307B2C9337E700C690C4 /* Debug */,
				6E97307C2C9337E700C690C4 /* Release */,
			);
			defaultConfigurationIsVisible = 0;
			defaultConfigurationName = Release;
		};
		6E97307D2C9337E700C690C4 /* Build configuration list for PBXNativeTarget "SacrenaTests" */ = {
			isa = XCConfigurationList;
			buildConfigurations = (
				6E97307E2C9337E700C690C4 /* Debug */,
				6E97307F2C9337E700C690C4 /* Release */,
			);
			defaultConfigurationIsVisible = 0;
			defaultConfigurationName = Release;
		};
		6E9730802C9337E700C690C4 /* Build configuration list for PBXNativeTarget "SacrenaUITests" */ = {
			isa = XCConfigurationList;
			buildConfigurations = (
				6E9730812C9337E700C690C4 /* Debug */,
				6E9730822C9337E700C690C4 /* Release */,
			);
			defaultConfigurationIsVisible = 0;
			defaultConfigurationName = Release;
		};
/* End XCConfigurationList section */

/* Begin XCRemoteSwiftPackageReference section */
		6E9223DA2C95419A00EE6891 /* XCRemoteSwiftPackageReference "stream-chat-swiftui" */ = {
			isa = XCRemoteSwiftPackageReference;
			repositoryURL = "https://github.com/getstream/stream-chat-swiftui";
			requirement = {
				kind = upToNextMajorVersion;
				minimumVersion = 4.63.0;
			};
		};
/* End XCRemoteSwiftPackageReference section */

/* Begin XCSwiftPackageProductDependency section */
		6E9223DB2C95419A00EE6891 /* StreamChatSwiftUI */ = {
			isa = XCSwiftPackageProductDependency;
			package = 6E9223DA2C95419A00EE6891 /* XCRemoteSwiftPackageReference "stream-chat-swiftui" */;
			productName = StreamChatSwiftUI;
		};
/* End XCSwiftPackageProductDependency section */
	};
	rootObject = 6E97304E2C9337E400C690C4 /* Project object */;
}
